// !$*UTF8*$!
{
	archiveVersion = 1;
	classes = {
	};
	objectVersion = 50;
	objects = {

/* Begin PBXBuildFile section */
		43B3AA4F26488FBB00DD773C /* GoldenGoalsApp.swift in Sources */ = {isa = PBXBuildFile; fileRef = 43B3AA4E26488FBB00DD773C /* GoldenGoalsApp.swift */; };
		43B3AA5126488FBB00DD773C /* ContentView.swift in Sources */ = {isa = PBXBuildFile; fileRef = 43B3AA5026488FBB00DD773C /* ContentView.swift */; };
		43B3AA5326488FBD00DD773C /* Assets.xcassets in Resources */ = {isa = PBXBuildFile; fileRef = 43B3AA5226488FBD00DD773C /* Assets.xcassets */; };
		43B3AA5626488FBD00DD773C /* Preview Assets.xcassets in Resources */ = {isa = PBXBuildFile; fileRef = 43B3AA5526488FBD00DD773C /* Preview Assets.xcassets */; };
		43B3AA5F2648903000DD773C /* GoalDetail.swift in Sources */ = {isa = PBXBuildFile; fileRef = 43B3AA5E2648903000DD773C /* GoalDetail.swift */; };
		43B3AA612648906200DD773C /* AddNewGoal.swift in Sources */ = {isa = PBXBuildFile; fileRef = 43B3AA602648906200DD773C /* AddNewGoal.swift */; };
		43B3AA632648907400DD773C /* GoalRow.swift in Sources */ = {isa = PBXBuildFile; fileRef = 43B3AA622648907400DD773C /* GoalRow.swift */; };
		43B3AA66264890AF00DD773C /* Goal.swift in Sources */ = {isa = PBXBuildFile; fileRef = 43B3AA65264890AF00DD773C /* Goal.swift */; };
		43B3AA68264890CC00DD773C /* GoalManager.swift in Sources */ = {isa = PBXBuildFile; fileRef = 43B3AA67264890CC00DD773C /* GoalManager.swift */; };
		43B3AA6A264890DF00DD773C /* Storage.swift in Sources */ = {isa = PBXBuildFile; fileRef = 43B3AA69264890DF00DD773C /* Storage.swift */; };
		43E580CC26496C3100D3FDE8 /* ManualEntryView.swift in Sources */ = {isa = PBXBuildFile; fileRef = 43E580CB26496C3100D3FDE8 /* ManualEntryView.swift */; };
/* End PBXBuildFile section */

/* Begin PBXFileReference section */
		43B3AA4B26488FBB00DD773C /* Golden Goals.app */ = {isa = PBXFileReference; explicitFileType = wrapper.application; includeInIndex = 0; path = "Golden Goals.app"; sourceTree = BUILT_PRODUCTS_DIR; };
		43B3AA4E26488FBB00DD773C /* GoldenGoalsApp.swift */ = {isa = PBXFileReference; lastKnownFileType = sourcecode.swift; path = GoldenGoalsApp.swift; sourceTree = "<group>"; };
		43B3AA5026488FBB00DD773C /* ContentView.swift */ = {isa = PBXFileReference; lastKnownFileType = sourcecode.swift; path = ContentView.swift; sourceTree = "<group>"; };
		43B3AA5226488FBD00DD773C /* Assets.xcassets */ = {isa = PBXFileReference; lastKnownFileType = folder.assetcatalog; path = Assets.xcassets; sourceTree = "<group>"; };
		43B3AA5526488FBD00DD773C /* Preview Assets.xcassets */ = {isa = PBXFileReference; lastKnownFileType = folder.assetcatalog; path = "Preview Assets.xcassets"; sourceTree = "<group>"; };
		43B3AA5726488FBD00DD773C /* Info.plist */ = {isa = PBXFileReference; lastKnownFileType = text.plist.xml; path = Info.plist; sourceTree = "<group>"; };
		43B3AA5E2648903000DD773C /* GoalDetail.swift */ = {isa = PBXFileReference; lastKnownFileType = sourcecode.swift; path = GoalDetail.swift; sourceTree = "<group>"; };
		43B3AA602648906200DD773C /* AddNewGoal.swift */ = {isa = PBXFileReference; lastKnownFileType = sourcecode.swift; path = AddNewGoal.swift; sourceTree = "<group>"; };
		43B3AA622648907400DD773C /* GoalRow.swift */ = {isa = PBXFileReference; lastKnownFileType = sourcecode.swift; path = GoalRow.swift; sourceTree = "<group>"; };
		43B3AA65264890AF00DD773C /* Goal.swift */ = {isa = PBXFileReference; lastKnownFileType = sourcecode.swift; path = Goal.swift; sourceTree = "<group>"; };
		43B3AA67264890CC00DD773C /* GoalManager.swift */ = {isa = PBXFileReference; lastKnownFileType = sourcecode.swift; path = GoalManager.swift; sourceTree = "<group>"; };
		43B3AA69264890DF00DD773C /* Storage.swift */ = {isa = PBXFileReference; lastKnownFileType = sourcecode.swift; path = Storage.swift; sourceTree = "<group>"; };
		43E580CB26496C3100D3FDE8 /* ManualEntryView.swift */ = {isa = PBXFileReference; lastKnownFileType = sourcecode.swift; path = ManualEntryView.swift; sourceTree = "<group>"; };
/* End PBXFileReference section */

/* Begin PBXFrameworksBuildPhase section */
		43B3AA4826488FBB00DD773C /* Frameworks */ = {
			isa = PBXFrameworksBuildPhase;
			buildActionMask = 2147483647;
			files = (
			);
			runOnlyForDeploymentPostprocessing = 0;
		};
/* End PBXFrameworksBuildPhase section */

/* Begin PBXGroup section */
		43B3AA4226488FBB00DD773C = {
			isa = PBXGroup;
			children = (
				43B3AA4D26488FBB00DD773C /* Golden Goals */,
				43B3AA4C26488FBB00DD773C /* Products */,
			);
			sourceTree = "<group>";
		};
		43B3AA4C26488FBB00DD773C /* Products */ = {
			isa = PBXGroup;
			children = (
				43B3AA4B26488FBB00DD773C /* Golden Goals.app */,
			);
			name = Products;
			sourceTree = "<group>";
		};
		43B3AA4D26488FBB00DD773C /* Golden Goals */ = {
			isa = PBXGroup;
			children = (
				43B3AA642648908800DD773C /* Model */,
				43B3AA5D26488FE700DD773C /* Views */,
				43B3AA4E26488FBB00DD773C /* GoldenGoalsApp.swift */,
				43B3AA5226488FBD00DD773C /* Assets.xcassets */,
				43B3AA5726488FBD00DD773C /* Info.plist */,
				43B3AA5426488FBD00DD773C /* Preview Content */,
			);
			path = "Golden Goals";
			sourceTree = "<group>";
		};
		43B3AA5426488FBD00DD773C /* Preview Content */ = {
			isa = PBXGroup;
			children = (
				43B3AA5526488FBD00DD773C /* Preview Assets.xcassets */,
			);
			path = "Preview Content";
			sourceTree = "<group>";
		};
		43B3AA5D26488FE700DD773C /* Views */ = {
			isa = PBXGroup;
			children = (
				43B3AA5E2648903000DD773C /* GoalDetail.swift */,
				43B3AA5026488FBB00DD773C /* ContentView.swift */,
				43B3AA602648906200DD773C /* AddNewGoal.swift */,
				43B3AA622648907400DD773C /* GoalRow.swift */,
				43E580CB26496C3100D3FDE8 /* ManualEntryView.swift */,
			);
			path = Views;
			sourceTree = "<group>";
		};
		43B3AA642648908800DD773C /* Model */ = {
			isa = PBXGroup;
			children = (
				43B3AA65264890AF00DD773C /* Goal.swift */,
				43B3AA67264890CC00DD773C /* GoalManager.swift */,
				43B3AA69264890DF00DD773C /* Storage.swift */,
			);
			path = Model;
			sourceTree = "<group>";
		};
/* End PBXGroup section */

/* Begin PBXNativeTarget section */
		43B3AA4A26488FBB00DD773C /* Golden Goals */ = {
			isa = PBXNativeTarget;
			buildConfigurationList = 43B3AA5A26488FBD00DD773C /* Build configuration list for PBXNativeTarget "Golden Goals" */;
			buildPhases = (
				43B3AA4726488FBB00DD773C /* Sources */,
				43B3AA4826488FBB00DD773C /* Frameworks */,
				43B3AA4926488FBB00DD773C /* Resources */,
			);
			buildRules = (
			);
			dependencies = (
			);
			name = "Golden Goals";
			productName = "Golden Goals";
			productReference = 43B3AA4B26488FBB00DD773C /* Golden Goals.app */;
			productType = "com.apple.product-type.application";
		};
/* End PBXNativeTarget section */

/* Begin PBXProject section */
		43B3AA4326488FBB00DD773C /* Project object */ = {
			isa = PBXProject;
			attributes = {
				LastSwiftUpdateCheck = 1250;
				LastUpgradeCheck = 1250;
				TargetAttributes = {
					43B3AA4A26488FBB00DD773C = {
						CreatedOnToolsVersion = 12.5;
					};
				};
			};
			buildConfigurationList = 43B3AA4626488FBB00DD773C /* Build configuration list for PBXProject "Golden Goals" */;
			compatibilityVersion = "Xcode 9.3";
			developmentRegion = en;
			hasScannedForEncodings = 0;
			knownRegions = (
				en,
				Base,
			);
			mainGroup = 43B3AA4226488FBB00DD773C;
			productRefGroup = 43B3AA4C26488FBB00DD773C /* Products */;
			projectDirPath = "";
			projectRoot = "";
			targets = (
				43B3AA4A26488FBB00DD773C /* Golden Goals */,
			);
		};
/* End PBXProject section */

/* Begin PBXResourcesBuildPhase section */
		43B3AA4926488FBB00DD773C /* Resources */ = {
			isa = PBXResourcesBuildPhase;
			buildActionMask = 2147483647;
			files = (
				43B3AA5626488FBD00DD773C /* Preview Assets.xcassets in Resources */,
				43B3AA5326488FBD00DD773C /* Assets.xcassets in Resources */,
			);
			runOnlyForDeploymentPostprocessing = 0;
		};
/* End PBXResourcesBuildPhase section */

/* Begin PBXSourcesBuildPhase section */
		43B3AA4726488FBB00DD773C /* Sources */ = {
			isa = PBXSourcesBuildPhase;
			buildActionMask = 2147483647;
			files = (
				43B3AA5F2648903000DD773C /* GoalDetail.swift in Sources */,
				43B3AA68264890CC00DD773C /* GoalManager.swift in Sources */,
				43B3AA632648907400DD773C /* GoalRow.swift in Sources */,
				43B3AA612648906200DD773C /* AddNewGoal.swift in Sources */,
				43B3AA5126488FBB00DD773C /* ContentView.swift in Sources */,
				43B3AA6A264890DF00DD773C /* Storage.swift in Sources */,
				43B3AA66264890AF00DD773C /* Goal.swift in Sources */,
				43E580CC26496C3100D3FDE8 /* ManualEntryView.swift in Sources */,
				43B3AA4F26488FBB00DD773C /* GoldenGoalsApp.swift in Sources */,
			);
			runOnlyForDeploymentPostprocessing = 0;
		};
/* End PBXSourcesBuildPhase section */

/* Begin XCBuildConfiguration section */
		43B3AA5826488FBD00DD773C /* Debug */ = {
			isa = XCBuildConfiguration;
			buildSettings = {
				ALWAYS_SEARCH_USER_PATHS = NO;
				CLANG_ANALYZER_NONNULL = YES;
				CLANG_ANALYZER_NUMBER_OBJECT_CONVERSION = YES_AGGRESSIVE;
				CLANG_CXX_LANGUAGE_STANDARD = "gnu++14";
				CLANG_CXX_LIBRARY = "libc++";
				CLANG_ENABLE_MODULES = YES;
				CLANG_ENABLE_OBJC_ARC = YES;
				CLANG_ENABLE_OBJC_WEAK = YES;
				CLANG_WARN_BLOCK_CAPTURE_AUTORELEASING = YES;
				CLANG_WARN_BOOL_CONVERSION = YES;
				CLANG_WARN_COMMA = YES;
				CLANG_WARN_CONSTANT_CONVERSION = YES;
				CLANG_WARN_DEPRECATED_OBJC_IMPLEMENTATIONS = YES;
				CLANG_WARN_DIRECT_OBJC_ISA_USAGE = YES_ERROR;
				CLANG_WARN_DOCUMENTATION_COMMENTS = YES;
				CLANG_WARN_EMPTY_BODY = YES;
				CLANG_WARN_ENUM_CONVERSION = YES;
				CLANG_WARN_INFINITE_RECURSION = YES;
				CLANG_WARN_INT_CONVERSION = YES;
				CLANG_WARN_NON_LITERAL_NULL_CONVERSION = YES;
				CLANG_WARN_OBJC_IMPLICIT_RETAIN_SELF = YES;
				CLANG_WARN_OBJC_LITERAL_CONVERSION = YES;
				CLANG_WARN_OBJC_ROOT_CLASS = YES_ERROR;
				CLANG_WARN_QUOTED_INCLUDE_IN_FRAMEWORK_HEADER = YES;
				CLANG_WARN_RANGE_LOOP_ANALYSIS = YES;
				CLANG_WARN_STRICT_PROTOTYPES = YES;
				CLANG_WARN_SUSPICIOUS_MOVE = YES;
				CLANG_WARN_UNGUARDED_AVAILABILITY = YES_AGGRESSIVE;
				CLANG_WARN_UNREACHABLE_CODE = YES;
				CLANG_WARN__DUPLICATE_METHOD_MATCH = YES;
				COPY_PHASE_STRIP = NO;
				DEBUG_INFORMATION_FORMAT = dwarf;
				ENABLE_STRICT_OBJC_MSGSEND = YES;
				ENABLE_TESTABILITY = YES;
				GCC_C_LANGUAGE_STANDARD = gnu11;
				GCC_DYNAMIC_NO_PIC = NO;
				GCC_NO_COMMON_BLOCKS = YES;
				GCC_OPTIMIZATION_LEVEL = 0;
				GCC_PREPROCESSOR_DEFINITIONS = (
					"DEBUG=1",
					"$(inherited)",
				);
				GCC_WARN_64_TO_32_BIT_CONVERSION = YES;
				GCC_WARN_ABOUT_RETURN_TYPE = YES_ERROR;
				GCC_WARN_UNDECLARED_SELECTOR = YES;
				GCC_WARN_UNINITIALIZED_AUTOS = YES_AGGRESSIVE;
				GCC_WARN_UNUSED_FUNCTION = YES;
				GCC_WARN_UNUSED_VARIABLE = YES;
				IPHONEOS_DEPLOYMENT_TARGET = 14.5;
				MTL_ENABLE_DEBUG_INFO = INCLUDE_SOURCE;
				MTL_FAST_MATH = YES;
				ONLY_ACTIVE_ARCH = YES;
				SDKROOT = iphoneos;
				SWIFT_ACTIVE_COMPILATION_CONDITIONS = DEBUG;
				SWIFT_OPTIMIZATION_LEVEL = "-Onone";
			};
			name = Debug;
		};
		43B3AA5926488FBD00DD773C /* Release */ = {
			isa = XCBuildConfiguration;
			buildSettings = {
				ALWAYS_SEARCH_USER_PATHS = NO;
				CLANG_ANALYZER_NONNULL = YES;
				CLANG_ANALYZER_NUMBER_OBJECT_CONVERSION = YES_AGGRESSIVE;
				CLANG_CXX_LANGUAGE_STANDARD = "gnu++14";
				CLANG_CXX_LIBRARY = "libc++";
				CLANG_ENABLE_MODULES = YES;
				CLANG_ENABLE_OBJC_ARC = YES;
				CLANG_ENABLE_OBJC_WEAK = YES;
				CLANG_WARN_BLOCK_CAPTURE_AUTORELEASING = YES;
				CLANG_WARN_BOOL_CONVERSION = YES;
				CLANG_WARN_COMMA = YES;
				CLANG_WARN_CONSTANT_CONVERSION = YES;
				CLANG_WARN_DEPRECATED_OBJC_IMPLEMENTATIONS = YES;
				CLANG_WARN_DIRECT_OBJC_ISA_USAGE = YES_ERROR;
				CLANG_WARN_DOCUMENTATION_COMMENTS = YES;
				CLANG_WARN_EMPTY_BODY = YES;
				CLANG_WARN_ENUM_CONVERSION = YES;
				CLANG_WARN_INFINITE_RECURSION = YES;
				CLANG_WARN_INT_CONVERSION = YES;
				CLANG_WARN_NON_LITERAL_NULL_CONVERSION = YES;
				CLANG_WARN_OBJC_IMPLICIT_RETAIN_SELF = YES;
				CLANG_WARN_OBJC_LITERAL_CONVERSION = YES;
				CLANG_WARN_OBJC_ROOT_CLASS = YES_ERROR;
				CLANG_WARN_QUOTED_INCLUDE_IN_FRAMEWORK_HEADER = YES;
				CLANG_WARN_RANGE_LOOP_ANALYSIS = YES;
				CLANG_WARN_STRICT_PROTOTYPES = YES;
				CLANG_WARN_SUSPICIOUS_MOVE = YES;
				CLANG_WARN_UNGUARDED_AVAILABILITY = YES_AGGRESSIVE;
				CLANG_WARN_UNREACHABLE_CODE = YES;
				CLANG_WARN__DUPLICATE_METHOD_MATCH = YES;
				COPY_PHASE_STRIP = NO;
				DEBUG_INFORMATION_FORMAT = "dwarf-with-dsym";
				ENABLE_NS_ASSERTIONS = NO;
				ENABLE_STRICT_OBJC_MSGSEND = YES;
				GCC_C_LANGUAGE_STANDARD = gnu11;
				GCC_NO_COMMON_BLOCKS = YES;
				GCC_WARN_64_TO_32_BIT_CONVERSION = YES;
				GCC_WARN_ABOUT_RETURN_TYPE = YES_ERROR;
				GCC_WARN_UNDECLARED_SELECTOR = YES;
				GCC_WARN_UNINITIALIZED_AUTOS = YES_AGGRESSIVE;
				GCC_WARN_UNUSED_FUNCTION = YES;
				GCC_WARN_UNUSED_VARIABLE = YES;
				IPHONEOS_DEPLOYMENT_TARGET = 14.5;
				MTL_ENABLE_DEBUG_INFO = NO;
				MTL_FAST_MATH = YES;
				SDKROOT = iphoneos;
				SWIFT_COMPILATION_MODE = wholemodule;
				SWIFT_OPTIMIZATION_LEVEL = "-O";
				VALIDATE_PRODUCT = YES;
			};
			name = Release;
		};
		43B3AA5B26488FBD00DD773C /* Debug */ = {
			isa = XCBuildConfiguration;
			buildSettings = {
				ASSETCATALOG_COMPILER_APPICON_NAME = AppIcon;
				ASSETCATALOG_COMPILER_GLOBAL_ACCENT_COLOR_NAME = AccentColor;
				CODE_SIGN_STYLE = Automatic;
				DEVELOPMENT_ASSET_PATHS = "\"Golden Goals/Preview Content\"";
				ENABLE_PREVIEWS = YES;
				INFOPLIST_FILE = "Golden Goals/Info.plist";
				IPHONEOS_DEPLOYMENT_TARGET = 14.0;
				LD_RUNPATH_SEARCH_PATHS = (
					"$(inherited)",
					"@executable_path/Frameworks",
				);
				PRODUCT_BUNDLE_IDENTIFIER = "com.shawaksharma.Golden-Goals";
				PRODUCT_NAME = "$(TARGET_NAME)";
				SWIFT_VERSION = 5.0;
				TARGETED_DEVICE_FAMILY = "1,2";
			};
			name = Debug;
		};
		43B3AA5C26488FBD00DD773C /* Release */ = {
			isa = XCBuildConfiguration;
			buildSettings = {
				ASSETCATALOG_COMPILER_APPICON_NAME = AppIcon;
				ASSETCATALOG_COMPILER_GLOBAL_ACCENT_COLOR_NAME = AccentColor;
				CODE_SIGN_STYLE = Automatic;
				DEVELOPMENT_ASSET_PATHS = "\"Golden Goals/Preview Content\"";
				ENABLE_PREVIEWS = YES;
				INFOPLIST_FILE = "Golden Goals/Info.plist";
				IPHONEOS_DEPLOYMENT_TARGET = 14.0;
				LD_RUNPATH_SEARCH_PATHS = (
					"$(inherited)",
					"@executable_path/Frameworks",
				);
				PRODUCT_BUNDLE_IDENTIFIER = "com.shawaksharma.Golden-Goals";
				PRODUCT_NAME = "$(TARGET_NAME)";
				SWIFT_VERSION = 5.0;
				TARGETED_DEVICE_FAMILY = "1,2";
			};
			name = Release;
		};
/* End XCBuildConfiguration section */

/* Begin XCConfigurationList section */
		43B3AA4626488FBB00DD773C /* Build configuration list for PBXProject "Golden Goals" */ = {
			isa = XCConfigurationList;
			buildConfigurations = (
				43B3AA5826488FBD00DD773C /* Debug */,
				43B3AA5926488FBD00DD773C /* Release */,
			);
			defaultConfigurationIsVisible = 0;
			defaultConfigurationName = Release;
		};
		43B3AA5A26488FBD00DD773C /* Build configuration list for PBXNativeTarget "Golden Goals" */ = {
			isa = XCConfigurationList;
			buildConfigurations = (
				43B3AA5B26488FBD00DD773C /* Debug */,
				43B3AA5C26488FBD00DD773C /* Release */,
			);
			defaultConfigurationIsVisible = 0;
			defaultConfigurationName = Release;
		};
/* End XCConfigurationList section */
	};
	rootObject = 43B3AA4326488FBB00DD773C /* Project object */;
}
